
Microsoft Visual Studio Solution File, Format Version 12.00
# Visual Studio for Mac
Project("{FAE04EC0-301F-11D3-BF4B-00C04F79EFBC}") = "Assembly-CSharp", "Assembly-CSharp.csproj", "{DBE71EF4-BE6E-23D5-F029-0661395E84FF}"
EndProject
Global
	GlobalSection(SolutionConfigurationPlatforms) = preSolution
		Debug|Any CPU = Debug|Any CPU
		Release|Any CPU = Release|Any CPU
	EndGlobalSection
	GlobalSection(ProjectConfigurationPlatforms) = postSolution
		{DBE71EF4-BE6E-23D5-F029-0661395E84FF}.Debug|Any CPU.ActiveCfg = Debug|Any CPU
		{DBE71EF4-BE6E-23D5-F029-0661395E84FF}.Debug|Any CPU.Build.0 = Debug|Any CPU
		{DBE71EF4-BE6E-23D5-F029-0661395E84FF}.Release|Any CPU.ActiveCfg = Release|Any CPU
		{DBE71EF4-BE6E-23D5-F029-0661395E84FF}.Release|Any CPU.Build.0 = Release|Any CPU
	EndGlobalSection
	GlobalSection(SolutionProperties) = preSolution
		HideSolutionNode = FALSE
	EndGlobalSection
	GlobalSection(SolutionProperties) = preSolution
		HideSolutionNode = FALSE
	EndGlobalSection
EndGlobal
